
Microsoft Visual Studio Solution File, Format Version 12.00
# Visual Studio Version 17
VisualStudioVersion = 17.13.35913.81
MinimumVisualStudioVersion = 10.0.40219.1
Project("{FAE04EC0-301F-11D3-BF4B-00C04F79EFBC}") = "BropertyBrosClientApplication", "BropertyBrosClientApplication\BropertyBrosClientApplication.csproj", "{F3F34F0D-26C9-4D1B-AC0A-E0A53A2EA8CD}"
EndProject
Project("{FAE04EC0-301F-11D3-BF4B-00C04F79EFBC}") = "BropertyBrosApi2.0", "..\BropertyBrosApi2.0\BropertyBrosApi2.0\BropertyBrosApi2.0.csproj", "{5ACBBA94-2600-08AC-C946-9B3AFB3E0D78}"
EndProject
Global
	GlobalSection(SolutionConfigurationPlatforms) = preSolution
		Debug|Any CPU = Debug|Any CPU
		Release|Any CPU = Release|Any CPU
	EndGlobalSection
	GlobalSection(ProjectConfigurationPlatforms) = postSolution
		{F3F34F0D-26C9-4D1B-AC0A-E0A53A2EA8CD}.Debug|Any CPU.ActiveCfg = Debug|Any CPU
		{F3F34F0D-26C9-4D1B-AC0A-E0A53A2EA8CD}.Debug|Any CPU.Build.0 = Debug|Any CPU
		{F3F34F0D-26C9-4D1B-AC0A-E0A53A2EA8CD}.Release|Any CPU.ActiveCfg = Release|Any CPU
		{F3F34F0D-26C9-4D1B-AC0A-E0A53A2EA8CD}.Release|Any CPU.Build.0 = Release|Any CPU
		{5ACBBA94-2600-08AC-C946-9B3AFB3E0D78}.Debug|Any CPU.ActiveCfg = Debug|Any CPU
		{5ACBBA94-2600-08AC-C946-9B3AFB3E0D78}.Debug|Any CPU.Build.0 = Debug|Any CPU
		{5ACBBA94-2600-08AC-C946-9B3AFB3E0D78}.Release|Any CPU.ActiveCfg = Release|Any CPU
		{5ACBBA94-2600-08AC-C946-9B3AFB3E0D78}.Release|Any CPU.Build.0 = Release|Any CPU
	EndGlobalSection
	GlobalSection(SolutionProperties) = preSolution
		HideSolutionNode = FALSE
	EndGlobalSection
	GlobalSection(ExtensibilityGlobals) = postSolution
		SolutionGuid = {5D1F22FB-FF2F-4E3A-A77F-760F6FBDA871}
	EndGlobalSection
EndGlobal
